# This file is automatically @generated by Poetry 1.4.2 and should not be changed by hand.

[[package]]
name = "logging"
version = "0.4.9.6"
description = "A logging module for Python"
category = "main"
optional = false
python-versions = "*"
files = [
    {file = "logging-0.4.9.6.tar.gz", hash = "sha256:26f6b50773f085042d301085bd1bf5d9f3735704db9f37c1ce6d8b85c38f2417"},
]

[[package]]
name = "pool"
version = "0.1.2dev"
description = "general purposed connection pool for gevent, split from sqlalchemy"
category = "main"
optional = false
python-versions = "*"
files = [
    {file = "pool-0.1.2dev.tar.gz", hash = "sha256:99a3aefa842c5bb87c92a3bbd40cacab212f104268a8fc6e706a2df92002f785"},
]

[metadata]
lock-version = "2.0"
python-versions = "^3.8"
content-hash = "0475aa8262c5a3d7f1c60ef532f62fa5f17d561a35eb1a4e49c6e55e3e86e2b4"
